
Microsoft Visual Studio Solution File, Format Version 12.00
# Visual Studio Version 16
VisualStudioVersion = 16.0.31229.75
MinimumVisualStudioVersion = 10.0.40219.1
Project("{2150E333-8FDC-42A3-9474-1A3956D46DE8}") = "2-Domain", "2-Domain", "{A5C77641-73BB-4877-AB08-0EF73F07EE12}"
EndProject
Project("{2150E333-8FDC-42A3-9474-1A3956D46DE8}") = "3-Tests", "3-Tests", "{27F71A81-C819-481D-B3DA-48C0287A3914}"
EndProject
Project("{2150E333-8FDC-42A3-9474-1A3956D46DE8}") = "1-Api", "1-Api", "{4745869E-20EE-4785-B807-28B2128E4E12}"
EndProject
Project("{FAE04EC0-301F-11D3-BF4B-00C04F79EFBC}") = "MyAwardProgram.Api", "src\MyAwardProgram.Api\MyAwardProgram.Api.csproj", "{3AC015B4-30A8-4597-953D-6693738EEA73}"
EndProject
Project("{FAE04EC0-301F-11D3-BF4B-00C04F79EFBC}") = "MyAwardProgram.Domain", "src\MyAwardProgram.Domain\MyAwardProgram.Domain.csproj", "{A1D740C6-B264-445C-9E4B-88A2F0E6CB69}"
EndProject
Project("{FAE04EC0-301F-11D3-BF4B-00C04F79EFBC}") = "MyAwardProgram.UnitTests", "tests\MyAwardProgram.UnitTests\MyAwardProgram.UnitTests.csproj", "{0507EE44-30DC-4327-9389-9A2B81F8D3B8}"
EndProject
Global
	GlobalSection(SolutionConfigurationPlatforms) = preSolution
		Debug|Any CPU = Debug|Any CPU
		Release|Any CPU = Release|Any CPU
	EndGlobalSection
	GlobalSection(ProjectConfigurationPlatforms) = postSolution
		{3AC015B4-30A8-4597-953D-6693738EEA73}.Debug|Any CPU.ActiveCfg = Debug|Any CPU
		{3AC015B4-30A8-4597-953D-6693738EEA73}.Debug|Any CPU.Build.0 = Debug|Any CPU
		{3AC015B4-30A8-4597-953D-6693738EEA73}.Release|Any CPU.ActiveCfg = Release|Any CPU
		{3AC015B4-30A8-4597-953D-6693738EEA73}.Release|Any CPU.Build.0 = Release|Any CPU
		{A1D740C6-B264-445C-9E4B-88A2F0E6CB69}.Debug|Any CPU.ActiveCfg = Debug|Any CPU
		{A1D740C6-B264-445C-9E4B-88A2F0E6CB69}.Debug|Any CPU.Build.0 = Debug|Any CPU
		{A1D740C6-B264-445C-9E4B-88A2F0E6CB69}.Release|Any CPU.ActiveCfg = Release|Any CPU
		{A1D740C6-B264-445C-9E4B-88A2F0E6CB69}.Release|Any CPU.Build.0 = Release|Any CPU
		{0507EE44-30DC-4327-9389-9A2B81F8D3B8}.Debug|Any CPU.ActiveCfg = Debug|Any CPU
		{0507EE44-30DC-4327-9389-9A2B81F8D3B8}.Debug|Any CPU.Build.0 = Debug|Any CPU
		{0507EE44-30DC-4327-9389-9A2B81F8D3B8}.Release|Any CPU.ActiveCfg = Release|Any CPU
		{0507EE44-30DC-4327-9389-9A2B81F8D3B8}.Release|Any CPU.Build.0 = Release|Any CPU
	EndGlobalSection
	GlobalSection(SolutionProperties) = preSolution
		HideSolutionNode = FALSE
	EndGlobalSection
	GlobalSection(NestedProjects) = preSolution
		{3AC015B4-30A8-4597-953D-6693738EEA73} = {4745869E-20EE-4785-B807-28B2128E4E12}
		{A1D740C6-B264-445C-9E4B-88A2F0E6CB69} = {A5C77641-73BB-4877-AB08-0EF73F07EE12}
		{0507EE44-30DC-4327-9389-9A2B81F8D3B8} = {27F71A81-C819-481D-B3DA-48C0287A3914}
	EndGlobalSection
	GlobalSection(ExtensibilityGlobals) = postSolution
		SolutionGuid = {0B0A4B0E-6C69-424B-A953-1DD8A8C604C3}
	EndGlobalSection
EndGlobal
